
Microsoft Visual Studio Solution File, Format Version 12.00
# Visual Studio 15
VisualStudioVersion = 15.0.28307.106
MinimumVisualStudioVersion = 10.0.40219.1
Project("{FAE04EC0-301F-11D3-BF4B-00C04F79EFBC}") = "ProjectPew", "ProjectPew\ProjectPew.csproj", "{525751F0-C80E-487D-8521-610AF9B6858B}"
EndProject
Global
	GlobalSection(SolutionConfigurationPlatforms) = preSolution
		Debug|Any CPU = Debug|Any CPU
		Release|Any CPU = Release|Any CPU
	EndGlobalSection
	GlobalSection(ProjectConfigurationPlatforms) = postSolution
		{525751F0-C80E-487D-8521-610AF9B6858B}.Debug|Any CPU.ActiveCfg = Debug|Any CPU
		{525751F0-C80E-487D-8521-610AF9B6858B}.Debug|Any CPU.Build.0 = Debug|Any CPU
		{525751F0-C80E-487D-8521-610AF9B6858B}.Release|Any CPU.ActiveCfg = Release|Any CPU
		{525751F0-C80E-487D-8521-610AF9B6858B}.Release|Any CPU.Build.0 = Release|Any CPU
	EndGlobalSection
	GlobalSection(SolutionProperties) = preSolution
		HideSolutionNode = FALSE
	EndGlobalSection
	GlobalSection(ExtensibilityGlobals) = postSolution
		SolutionGuid = {EAA9DFB7-5138-4C28-A4B5-12A7B13AD7B8}
	EndGlobalSection
EndGlobal
